
Microsoft Visual Studio Solution File, Format Version 12.00
# Visual Studio Version 16
VisualStudioVersion = 16.0.33328.57
MinimumVisualStudioVersion = 10.0.40219.1
Project("{8BC9CEB8-8B4A-11D0-8D11-00A0C91BC942}") = "4D_test", "4D_test\4D_test.vcxproj", "{C58F372A-66E0-4E46-A1B6-DC906670500B}"
EndProject
Global
	GlobalSection(SolutionConfigurationPlatforms) = preSolution
		Debug|x64 = Debug|x64
		Debug|x86 = Debug|x86
		Release|x64 = Release|x64
		Release|x86 = Release|x86
	EndGlobalSection
	GlobalSection(ProjectConfigurationPlatforms) = postSolution
		{C58F372A-66E0-4E46-A1B6-DC906670500B}.Debug|x64.ActiveCfg = Debug|x64
		{C58F372A-66E0-4E46-A1B6-DC906670500B}.Debug|x64.Build.0 = Debug|x64
		{C58F372A-66E0-4E46-A1B6-DC906670500B}.Debug|x86.ActiveCfg = Debug|Win32
		{C58F372A-66E0-4E46-A1B6-DC906670500B}.Debug|x86.Build.0 = Debug|Win32
		{C58F372A-66E0-4E46-A1B6-DC906670500B}.Release|x64.ActiveCfg = Release|x64
		{C58F372A-66E0-4E46-A1B6-DC906670500B}.Release|x64.Build.0 = Release|x64
		{C58F372A-66E0-4E46-A1B6-DC906670500B}.Release|x86.ActiveCfg = Release|Win32
		{C58F372A-66E0-4E46-A1B6-DC906670500B}.Release|x86.Build.0 = Release|Win32
	EndGlobalSection
	GlobalSection(SolutionProperties) = preSolution
		HideSolutionNode = FALSE
	EndGlobalSection
	GlobalSection(ExtensibilityGlobals) = postSolution
		SolutionGuid = {1556C13E-E522-4929-B78B-B3A13C0A41D6}
	EndGlobalSection
EndGlobal
